
Microsoft Visual Studio Solution File, Format Version 12.00
# Visual Studio 14
VisualStudioVersion = 14.0.23107.0
MinimumVisualStudioVersion = 10.0.40219.1
Project("{FAE04EC0-301F-11D3-BF4B-00C04F79EFBC}") = "Lyra", "Lyra\Lyra.csproj", "{E95CEA54-1B99-4DB3-B333-5965D7FA4D78}"
EndProject
Project("{2150E333-8FDC-42A3-9474-1A3956D46DE8}") = ".nuget", ".nuget", "{20BFA6D6-7819-4CE4-BD23-DEC0E42CDECB}"
	ProjectSection(SolutionItems) = preProject
		.nuget\NuGet.config = .nuget\NuGet.config
		.nuget\NuGet.exe = .nuget\NuGet.exe
		.nuget\NuGet.targets = .nuget\NuGet.targets
	EndProjectSection
EndProject
Project("{2150E333-8FDC-42A3-9474-1A3956D46DE8}") = "Assemblies", "Assemblies", "{7AA072E8-767A-419E-8028-F611D4BDC4D9}"
EndProject
Project("{2150E333-8FDC-42A3-9474-1A3956D46DE8}") = "scripts", "scripts", "{5ACA2B20-0F5F-4AD0-B6D1-7E70F4BAAB19}"
	ProjectSection(SolutionItems) = preProject
		scripts\package.ps1 = scripts\package.ps1
	EndProjectSection
EndProject
Global
	GlobalSection(SolutionConfigurationPlatforms) = preSolution
		Debug|x86 = Debug|x86
		Release|x86 = Release|x86
	EndGlobalSection
	GlobalSection(ProjectConfigurationPlatforms) = postSolution
		{E95CEA54-1B99-4DB3-B333-5965D7FA4D78}.Debug|x86.ActiveCfg = Debug|x86
		{E95CEA54-1B99-4DB3-B333-5965D7FA4D78}.Debug|x86.Build.0 = Debug|x86
		{E95CEA54-1B99-4DB3-B333-5965D7FA4D78}.Release|x86.ActiveCfg = Release|x86
		{E95CEA54-1B99-4DB3-B333-5965D7FA4D78}.Release|x86.Build.0 = Release|x86
	EndGlobalSection
	GlobalSection(SolutionProperties) = preSolution
		HideSolutionNode = FALSE
	EndGlobalSection
EndGlobal
